// !$*UTF8*$!
{
	archiveVersion = 1;
	classes = {
	};
	objectVersion = 56;
	objects = {

/* Begin PBXBuildFile section */
		3E3E22823331856EDD1E30BB /* Pods_Popcorn.framework in Frameworks */ = {isa = PBXBuildFile; fileRef = 29DA43C1572C9B0F761C8721 /* Pods_Popcorn.framework */; };
		7E3B9A86BDF328E1C2F6DC7C /* Pods_PopcornTests.framework in Frameworks */ = {isa = PBXBuildFile; fileRef = FA384D7EB2184A4E55FFE672 /* Pods_PopcornTests.framework */; };
		AEF70A251DFB388342961760 /* Pods_Popcorn_PopcornUITests.framework in Frameworks */ = {isa = PBXBuildFile; fileRef = 8454A94DDC75782A2EA2FC61 /* Pods_Popcorn_PopcornUITests.framework */; };
		C8DC4F70298D6CF00085B074 /* AppDelegate.swift in Sources */ = {isa = PBXBuildFile; fileRef = C8DC4F6F298D6CF00085B074 /* AppDelegate.swift */; };
		C8DC4F72298D6CF00085B074 /* SceneDelegate.swift in Sources */ = {isa = PBXBuildFile; fileRef = C8DC4F71298D6CF00085B074 /* SceneDelegate.swift */; };
		C8DC4F74298D6CF00085B074 /* MoviesViewController.swift in Sources */ = {isa = PBXBuildFile; fileRef = C8DC4F73298D6CF00085B074 /* MoviesViewController.swift */; };
		C8DC4F77298D6CF00085B074 /* Main.storyboard in Resources */ = {isa = PBXBuildFile; fileRef = C8DC4F75298D6CF00085B074 /* Main.storyboard */; };
		C8DC4F79298D6CF20085B074 /* Assets.xcassets in Resources */ = {isa = PBXBuildFile; fileRef = C8DC4F78298D6CF20085B074 /* Assets.xcassets */; };
		C8DC4F7C298D6CF20085B074 /* LaunchScreen.storyboard in Resources */ = {isa = PBXBuildFile; fileRef = C8DC4F7A298D6CF20085B074 /* LaunchScreen.storyboard */; };
		C8DC4F87298D6CF20085B074 /* PopcornTests.swift in Sources */ = {isa = PBXBuildFile; fileRef = C8DC4F86298D6CF20085B074 /* PopcornTests.swift */; };
		C8DC4F91298D6CF20085B074 /* PopcornUITests.swift in Sources */ = {isa = PBXBuildFile; fileRef = C8DC4F90298D6CF20085B074 /* PopcornUITests.swift */; };
		C8DC4F93298D6CF20085B074 /* PopcornUITestsLaunchTests.swift in Sources */ = {isa = PBXBuildFile; fileRef = C8DC4F92298D6CF20085B074 /* PopcornUITestsLaunchTests.swift */; };
		C8DC4FA3298D6FBD0085B074 /* API.swift in Sources */ = {isa = PBXBuildFile; fileRef = C8DC4FA2298D6FBD0085B074 /* API.swift */; };
		C8DC4FA5298D6FD90085B074 /* Extensions.swift in Sources */ = {isa = PBXBuildFile; fileRef = C8DC4FA4298D6FD90085B074 /* Extensions.swift */; };
		C8DC4FA7298D6FF70085B074 /* Constantes.swift in Sources */ = {isa = PBXBuildFile; fileRef = C8DC4FA6298D6FF70085B074 /* Constantes.swift */; };
		C8DC4FA9298D701E0085B074 /* MovieModel.swift in Sources */ = {isa = PBXBuildFile; fileRef = C8DC4FA8298D701E0085B074 /* MovieModel.swift */; };
		C8DC4FAB298D70370085B074 /* Movie.swift in Sources */ = {isa = PBXBuildFile; fileRef = C8DC4FAA298D70370085B074 /* Movie.swift */; };
		C8DC4FAD298D706E0085B074 /* CircleButton.swift in Sources */ = {isa = PBXBuildFile; fileRef = C8DC4FAC298D706E0085B074 /* CircleButton.swift */; };
		C8DC4FAF298D70890085B074 /* MovieTableViewCell.swift in Sources */ = {isa = PBXBuildFile; fileRef = C8DC4FAE298D70890085B074 /* MovieTableViewCell.swift */; };
		C8DC4FB1298D70C10085B074 /* NoMovieTableViewCell.swift in Sources */ = {isa = PBXBuildFile; fileRef = C8DC4FB0298D70C10085B074 /* NoMovieTableViewCell.swift */; };
		C8DC4FB3298D71A70085B074 /* DetailsViewController.swift in Sources */ = {isa = PBXBuildFile; fileRef = C8DC4FB2298D71A70085B074 /* DetailsViewController.swift */; };
/* End PBXBuildFile section */

/* Begin PBXContainerItemProxy section */
		C8DC4F83298D6CF20085B074 /* PBXContainerItemProxy */ = {
			isa = PBXContainerItemProxy;
			containerPortal = C8DC4F64298D6CF00085B074 /* Project object */;
			proxyType = 1;
			remoteGlobalIDString = C8DC4F6B298D6CF00085B074;
			remoteInfo = Popcorn;
		};
		C8DC4F8D298D6CF20085B074 /* PBXContainerItemProxy */ = {
			isa = PBXContainerItemProxy;
			containerPortal = C8DC4F64298D6CF00085B074 /* Project object */;
			proxyType = 1;
			remoteGlobalIDString = C8DC4F6B298D6CF00085B074;
			remoteInfo = Popcorn;
		};
/* End PBXContainerItemProxy section */

/* Begin PBXFileReference section */
		29DA43C1572C9B0F761C8721 /* Pods_Popcorn.framework */ = {isa = PBXFileReference; explicitFileType = wrapper.framework; includeInIndex = 0; path = Pods_Popcorn.framework; sourceTree = BUILT_PRODUCTS_DIR; };
		3236DE76A235E9688AAD1AA2 /* Pods-Popcorn-PopcornUITests.debug.xcconfig */ = {isa = PBXFileReference; includeInIndex = 1; lastKnownFileType = text.xcconfig; name = "Pods-Popcorn-PopcornUITests.debug.xcconfig"; path = "Target Support Files/Pods-Popcorn-PopcornUITests/Pods-Popcorn-PopcornUITests.debug.xcconfig"; sourceTree = "<group>"; };
		3F7BF4B15650883ADE02F5CF /* Pods-Popcorn.release.xcconfig */ = {isa = PBXFileReference; includeInIndex = 1; lastKnownFileType = text.xcconfig; name = "Pods-Popcorn.release.xcconfig"; path = "Target Support Files/Pods-Popcorn/Pods-Popcorn.release.xcconfig"; sourceTree = "<group>"; };
		740A28B6A322C127EF08F73F /* Pods-Popcorn-PopcornUITests.release.xcconfig */ = {isa = PBXFileReference; includeInIndex = 1; lastKnownFileType = text.xcconfig; name = "Pods-Popcorn-PopcornUITests.release.xcconfig"; path = "Target Support Files/Pods-Popcorn-PopcornUITests/Pods-Popcorn-PopcornUITests.release.xcconfig"; sourceTree = "<group>"; };
		8454A94DDC75782A2EA2FC61 /* Pods_Popcorn_PopcornUITests.framework */ = {isa = PBXFileReference; explicitFileType = wrapper.framework; includeInIndex = 0; path = Pods_Popcorn_PopcornUITests.framework; sourceTree = BUILT_PRODUCTS_DIR; };
		A9D4AA97F9DE5E89F6CA3C84 /* Pods-PopcornTests.debug.xcconfig */ = {isa = PBXFileReference; includeInIndex = 1; lastKnownFileType = text.xcconfig; name = "Pods-PopcornTests.debug.xcconfig"; path = "Target Support Files/Pods-PopcornTests/Pods-PopcornTests.debug.xcconfig"; sourceTree = "<group>"; };
		AA6493C3F6AFFC2032C2D213 /* Pods-Popcorn.debug.xcconfig */ = {isa = PBXFileReference; includeInIndex = 1; lastKnownFileType = text.xcconfig; name = "Pods-Popcorn.debug.xcconfig"; path = "Target Support Files/Pods-Popcorn/Pods-Popcorn.debug.xcconfig"; sourceTree = "<group>"; };
		C8DC4F6C298D6CF00085B074 /* Popcorn.app */ = {isa = PBXFileReference; explicitFileType = wrapper.application; includeInIndex = 0; path = Popcorn.app; sourceTree = BUILT_PRODUCTS_DIR; };
		C8DC4F6F298D6CF00085B074 /* AppDelegate.swift */ = {isa = PBXFileReference; lastKnownFileType = sourcecode.swift; path = AppDelegate.swift; sourceTree = "<group>"; };
		C8DC4F71298D6CF00085B074 /* SceneDelegate.swift */ = {isa = PBXFileReference; lastKnownFileType = sourcecode.swift; path = SceneDelegate.swift; sourceTree = "<group>"; };
		C8DC4F73298D6CF00085B074 /* MoviesViewController.swift */ = {isa = PBXFileReference; lastKnownFileType = sourcecode.swift; path = MoviesViewController.swift; sourceTree = "<group>"; };
		C8DC4F76298D6CF00085B074 /* Base */ = {isa = PBXFileReference; lastKnownFileType = file.storyboard; name = Base; path = Base.lproj/Main.storyboard; sourceTree = "<group>"; };
		C8DC4F78298D6CF20085B074 /* Assets.xcassets */ = {isa = PBXFileReference; lastKnownFileType = folder.assetcatalog; path = Assets.xcassets; sourceTree = "<group>"; };
		C8DC4F7B298D6CF20085B074 /* Base */ = {isa = PBXFileReference; lastKnownFileType = file.storyboard; name = Base; path = Base.lproj/LaunchScreen.storyboard; sourceTree = "<group>"; };
		C8DC4F7D298D6CF20085B074 /* Info.plist */ = {isa = PBXFileReference; lastKnownFileType = text.plist.xml; path = Info.plist; sourceTree = "<group>"; };
		C8DC4F82298D6CF20085B074 /* PopcornTests.xctest */ = {isa = PBXFileReference; explicitFileType = wrapper.cfbundle; includeInIndex = 0; path = PopcornTests.xctest; sourceTree = BUILT_PRODUCTS_DIR; };
		C8DC4F86298D6CF20085B074 /* PopcornTests.swift */ = {isa = PBXFileReference; lastKnownFileType = sourcecode.swift; path = PopcornTests.swift; sourceTree = "<group>"; };
		C8DC4F8C298D6CF20085B074 /* PopcornUITests.xctest */ = {isa = PBXFileReference; explicitFileType = wrapper.cfbundle; includeInIndex = 0; path = PopcornUITests.xctest; sourceTree = BUILT_PRODUCTS_DIR; };
		C8DC4F90298D6CF20085B074 /* PopcornUITests.swift */ = {isa = PBXFileReference; lastKnownFileType = sourcecode.swift; path = PopcornUITests.swift; sourceTree = "<group>"; };
		C8DC4F92298D6CF20085B074 /* PopcornUITestsLaunchTests.swift */ = {isa = PBXFileReference; lastKnownFileType = sourcecode.swift; path = PopcornUITestsLaunchTests.swift; sourceTree = "<group>"; };
		C8DC4FA2298D6FBD0085B074 /* API.swift */ = {isa = PBXFileReference; lastKnownFileType = sourcecode.swift; path = API.swift; sourceTree = "<group>"; };
		C8DC4FA4298D6FD90085B074 /* Extensions.swift */ = {isa = PBXFileReference; lastKnownFileType = sourcecode.swift; path = Extensions.swift; sourceTree = "<group>"; };
		C8DC4FA6298D6FF70085B074 /* Constantes.swift */ = {isa = PBXFileReference; lastKnownFileType = sourcecode.swift; path = Constantes.swift; sourceTree = "<group>"; };
		C8DC4FA8298D701E0085B074 /* MovieModel.swift */ = {isa = PBXFileReference; lastKnownFileType = sourcecode.swift; path = MovieModel.swift; sourceTree = "<group>"; };
		C8DC4FAA298D70370085B074 /* Movie.swift */ = {isa = PBXFileReference; lastKnownFileType = sourcecode.swift; path = Movie.swift; sourceTree = "<group>"; };
		C8DC4FAC298D706E0085B074 /* CircleButton.swift */ = {isa = PBXFileReference; lastKnownFileType = sourcecode.swift; path = CircleButton.swift; sourceTree = "<group>"; };
		C8DC4FAE298D70890085B074 /* MovieTableViewCell.swift */ = {isa = PBXFileReference; lastKnownFileType = sourcecode.swift; path = MovieTableViewCell.swift; sourceTree = "<group>"; };
		C8DC4FB0298D70C10085B074 /* NoMovieTableViewCell.swift */ = {isa = PBXFileReference; lastKnownFileType = sourcecode.swift; path = NoMovieTableViewCell.swift; sourceTree = "<group>"; };
		C8DC4FB2298D71A70085B074 /* DetailsViewController.swift */ = {isa = PBXFileReference; lastKnownFileType = sourcecode.swift; path = DetailsViewController.swift; sourceTree = "<group>"; };
		F5BAF47BB8E716AD83B6FF5D /* Pods-PopcornTests.release.xcconfig */ = {isa = PBXFileReference; includeInIndex = 1; lastKnownFileType = text.xcconfig; name = "Pods-PopcornTests.release.xcconfig"; path = "Target Support Files/Pods-PopcornTests/Pods-PopcornTests.release.xcconfig"; sourceTree = "<group>"; };
		FA384D7EB2184A4E55FFE672 /* Pods_PopcornTests.framework */ = {isa = PBXFileReference; explicitFileType = wrapper.framework; includeInIndex = 0; path = Pods_PopcornTests.framework; sourceTree = BUILT_PRODUCTS_DIR; };
/* End PBXFileReference section */

/* Begin PBXFrameworksBuildPhase section */
		C8DC4F69298D6CF00085B074 /* Frameworks */ = {
			isa = PBXFrameworksBuildPhase;
			buildActionMask = 2147483647;
			files = (
				3E3E22823331856EDD1E30BB /* Pods_Popcorn.framework in Frameworks */,
			);
			runOnlyForDeploymentPostprocessing = 0;
		};
		C8DC4F7F298D6CF20085B074 /* Frameworks */ = {
			isa = PBXFrameworksBuildPhase;
			buildActionMask = 2147483647;
			files = (
				7E3B9A86BDF328E1C2F6DC7C /* Pods_PopcornTests.framework in Frameworks */,
			);
			runOnlyForDeploymentPostprocessing = 0;
		};
		C8DC4F89298D6CF20085B074 /* Frameworks */ = {
			isa = PBXFrameworksBuildPhase;
			buildActionMask = 2147483647;
			files = (
				AEF70A251DFB388342961760 /* Pods_Popcorn_PopcornUITests.framework in Frameworks */,
			);
			runOnlyForDeploymentPostprocessing = 0;
		};
/* End PBXFrameworksBuildPhase section */

/* Begin PBXGroup section */
		0D3D99630DCDAAF5D196164D /* Frameworks */ = {
			isa = PBXGroup;
			children = (
				29DA43C1572C9B0F761C8721 /* Pods_Popcorn.framework */,
				8454A94DDC75782A2EA2FC61 /* Pods_Popcorn_PopcornUITests.framework */,
				FA384D7EB2184A4E55FFE672 /* Pods_PopcornTests.framework */,
			);
			name = Frameworks;
			sourceTree = "<group>";
		};
		6785B10F27D30454769B7EC9 /* Pods */ = {
			isa = PBXGroup;
			children = (
				AA6493C3F6AFFC2032C2D213 /* Pods-Popcorn.debug.xcconfig */,
				3F7BF4B15650883ADE02F5CF /* Pods-Popcorn.release.xcconfig */,
				3236DE76A235E9688AAD1AA2 /* Pods-Popcorn-PopcornUITests.debug.xcconfig */,
				740A28B6A322C127EF08F73F /* Pods-Popcorn-PopcornUITests.release.xcconfig */,
				A9D4AA97F9DE5E89F6CA3C84 /* Pods-PopcornTests.debug.xcconfig */,
				F5BAF47BB8E716AD83B6FF5D /* Pods-PopcornTests.release.xcconfig */,
			);
			path = Pods;
			sourceTree = "<group>";
		};
		C8DC4F63298D6CF00085B074 = {
			isa = PBXGroup;
			children = (
				C8DC4F6E298D6CF00085B074 /* Popcorn */,
				C8DC4F85298D6CF20085B074 /* PopcornTests */,
				C8DC4F8F298D6CF20085B074 /* PopcornUITests */,
				C8DC4F6D298D6CF00085B074 /* Products */,
				6785B10F27D30454769B7EC9 /* Pods */,
				0D3D99630DCDAAF5D196164D /* Frameworks */,
			);
			sourceTree = "<group>";
		};
		C8DC4F6D298D6CF00085B074 /* Products */ = {
			isa = PBXGroup;
			children = (
				C8DC4F6C298D6CF00085B074 /* Popcorn.app */,
				C8DC4F82298D6CF20085B074 /* PopcornTests.xctest */,
				C8DC4F8C298D6CF20085B074 /* PopcornUITests.xctest */,
			);
			name = Products;
			sourceTree = "<group>";
		};
		C8DC4F6E298D6CF00085B074 /* Popcorn */ = {
			isa = PBXGroup;
			children = (
				C8DC4F6F298D6CF00085B074 /* AppDelegate.swift */,
				C8DC4F71298D6CF00085B074 /* SceneDelegate.swift */,
				C8DC4F9F298D6F530085B074 /* Model */,
				C8DC4FA0298D6F650085B074 /* View */,
				C8DC4FA1298D6F7D0085B074 /* Controller */,
				C8DC4F75298D6CF00085B074 /* Main.storyboard */,
				C8DC4F78298D6CF20085B074 /* Assets.xcassets */,
				C8DC4F7A298D6CF20085B074 /* LaunchScreen.storyboard */,
				C8DC4F7D298D6CF20085B074 /* Info.plist */,
			);
			path = Popcorn;
			sourceTree = "<group>";
		};
		C8DC4F85298D6CF20085B074 /* PopcornTests */ = {
			isa = PBXGroup;
			children = (
				C8DC4F86298D6CF20085B074 /* PopcornTests.swift */,
			);
			path = PopcornTests;
			sourceTree = "<group>";
		};
		C8DC4F8F298D6CF20085B074 /* PopcornUITests */ = {
			isa = PBXGroup;
			children = (
				C8DC4F90298D6CF20085B074 /* PopcornUITests.swift */,
				C8DC4F92298D6CF20085B074 /* PopcornUITestsLaunchTests.swift */,
			);
			path = PopcornUITests;
			sourceTree = "<group>";
		};
		C8DC4F9F298D6F530085B074 /* Model */ = {
			isa = PBXGroup;
			children = (
				C8DC4FA2298D6FBD0085B074 /* API.swift */,
				C8DC4FA4298D6FD90085B074 /* Extensions.swift */,
				C8DC4FA6298D6FF70085B074 /* Constantes.swift */,
				C8DC4FA8298D701E0085B074 /* MovieModel.swift */,
				C8DC4FAA298D70370085B074 /* Movie.swift */,
			);
			path = Model;
			sourceTree = "<group>";
		};
		C8DC4FA0298D6F650085B074 /* View */ = {
			isa = PBXGroup;
			children = (
				C8DC4FAC298D706E0085B074 /* CircleButton.swift */,
				C8DC4FAE298D70890085B074 /* MovieTableViewCell.swift */,
				C8DC4FB0298D70C10085B074 /* NoMovieTableViewCell.swift */,
			);
			path = View;
			sourceTree = "<group>";
		};
		C8DC4FA1298D6F7D0085B074 /* Controller */ = {
			isa = PBXGroup;
			children = (
				C8DC4F73298D6CF00085B074 /* MoviesViewController.swift */,
				C8DC4FB2298D71A70085B074 /* DetailsViewController.swift */,
			);
			path = Controller;
			sourceTree = "<group>";
		};
/* End PBXGroup section */

/* Begin PBXNativeTarget section */
		C8DC4F6B298D6CF00085B074 /* Popcorn */ = {
			isa = PBXNativeTarget;
			buildConfigurationList = C8DC4F96298D6CF20085B074 /* Build configuration list for PBXNativeTarget "Popcorn" */;
			buildPhases = (
				BFE0398A5D55B7D8F2EC5EA4 /* [CP] Check Pods Manifest.lock */,
				C8DC4F68298D6CF00085B074 /* Sources */,
				C8DC4F69298D6CF00085B074 /* Frameworks */,
				C8DC4F6A298D6CF00085B074 /* Resources */,
				8E818EFBCEFFE115C4A0DCB8 /* [CP] Embed Pods Frameworks */,
			);
			buildRules = (
			);
			dependencies = (
			);
			name = Popcorn;
			productName = Popcorn;
			productReference = C8DC4F6C298D6CF00085B074 /* Popcorn.app */;
			productType = "com.apple.product-type.application";
		};
		C8DC4F81298D6CF20085B074 /* PopcornTests */ = {
			isa = PBXNativeTarget;
			buildConfigurationList = C8DC4F99298D6CF20085B074 /* Build configuration list for PBXNativeTarget "PopcornTests" */;
			buildPhases = (
				6E7AD5B99063BCB6AB887E6D /* [CP] Check Pods Manifest.lock */,
				C8DC4F7E298D6CF20085B074 /* Sources */,
				C8DC4F7F298D6CF20085B074 /* Frameworks */,
				C8DC4F80298D6CF20085B074 /* Resources */,
			);
			buildRules = (
			);
			dependencies = (
				C8DC4F84298D6CF20085B074 /* PBXTargetDependency */,
			);
			name = PopcornTests;
			productName = PopcornTests;
			productReference = C8DC4F82298D6CF20085B074 /* PopcornTests.xctest */;
			productType = "com.apple.product-type.bundle.unit-test";
		};
		C8DC4F8B298D6CF20085B074 /* PopcornUITests */ = {
			isa = PBXNativeTarget;
			buildConfigurationList = C8DC4F9C298D6CF20085B074 /* Build configuration list for PBXNativeTarget "PopcornUITests" */;
			buildPhases = (
				42D2BB1BCE328D7332E4C41B /* [CP] Check Pods Manifest.lock */,
				C8DC4F88298D6CF20085B074 /* Sources */,
				C8DC4F89298D6CF20085B074 /* Frameworks */,
				C8DC4F8A298D6CF20085B074 /* Resources */,
				2447F81520D2100A993D7ADC /* [CP] Embed Pods Frameworks */,
			);
			buildRules = (
			);
			dependencies = (
				C8DC4F8E298D6CF20085B074 /* PBXTargetDependency */,
			);
			name = PopcornUITests;
			productName = PopcornUITests;
			productReference = C8DC4F8C298D6CF20085B074 /* PopcornUITests.xctest */;
			productType = "com.apple.product-type.bundle.ui-testing";
		};
/* End PBXNativeTarget section */

/* Begin PBXProject section */
		C8DC4F64298D6CF00085B074 /* Project object */ = {
			isa = PBXProject;
			attributes = {
				BuildIndependentTargetsInParallel = 1;
				LastSwiftUpdateCheck = 1420;
				LastUpgradeCheck = 1420;
				TargetAttributes = {
					C8DC4F6B298D6CF00085B074 = {
						CreatedOnToolsVersion = 14.2;
					};
					C8DC4F81298D6CF20085B074 = {
						CreatedOnToolsVersion = 14.2;
						TestTargetID = C8DC4F6B298D6CF00085B074;
					};
					C8DC4F8B298D6CF20085B074 = {
						CreatedOnToolsVersion = 14.2;
						TestTargetID = C8DC4F6B298D6CF00085B074;
					};
				};
			};
			buildConfigurationList = C8DC4F67298D6CF00085B074 /* Build configuration list for PBXProject "Popcorn" */;
			compatibilityVersion = "Xcode 14.0";
			developmentRegion = en;
			hasScannedForEncodings = 0;
			knownRegions = (
				en,
				Base,
			);
			mainGroup = C8DC4F63298D6CF00085B074;
			productRefGroup = C8DC4F6D298D6CF00085B074 /* Products */;
			projectDirPath = "";
			projectRoot = "";
			targets = (
				C8DC4F6B298D6CF00085B074 /* Popcorn */,
				C8DC4F81298D6CF20085B074 /* PopcornTests */,
				C8DC4F8B298D6CF20085B074 /* PopcornUITests */,
			);
		};
/* End PBXProject section */

/* Begin PBXResourcesBuildPhase section */
		C8DC4F6A298D6CF00085B074 /* Resources */ = {
			isa = PBXResourcesBuildPhase;
			buildActionMask = 2147483647;
			files = (
				C8DC4F7C298D6CF20085B074 /* LaunchScreen.storyboard in Resources */,
				C8DC4F79298D6CF20085B074 /* Assets.xcassets in Resources */,
				C8DC4F77298D6CF00085B074 /* Main.storyboard in Resources */,
			);
			runOnlyForDeploymentPostprocessing = 0;
		};
		C8DC4F80298D6CF20085B074 /* Resources */ = {
			isa = PBXResourcesBuildPhase;
			buildActionMask = 2147483647;
			files = (
			);
			runOnlyForDeploymentPostprocessing = 0;
		};
		C8DC4F8A298D6CF20085B074 /* Resources */ = {
			isa = PBXResourcesBuildPhase;
			buildActionMask = 2147483647;
			files = (
			);
			runOnlyForDeploymentPostprocessing = 0;
		};
/* End PBXResourcesBuildPhase section */

/* Begin PBXShellScriptBuildPhase section */
		2447F81520D2100A993D7ADC /* [CP] Embed Pods Frameworks */ = {
			isa = PBXShellScriptBuildPhase;
			buildActionMask = 2147483647;
			files = (
			);
			inputFileListPaths = (
				"${PODS_ROOT}/Target Support Files/Pods-Popcorn-PopcornUITests/Pods-Popcorn-PopcornUITests-frameworks-${CONFIGURATION}-input-files.xcfilelist",
			);
			name = "[CP] Embed Pods Frameworks";
			outputFileListPaths = (
				"${PODS_ROOT}/Target Support Files/Pods-Popcorn-PopcornUITests/Pods-Popcorn-PopcornUITests-frameworks-${CONFIGURATION}-output-files.xcfilelist",
			);
			runOnlyForDeploymentPostprocessing = 0;
			shellPath = /bin/sh;
			shellScript = "\"${PODS_ROOT}/Target Support Files/Pods-Popcorn-PopcornUITests/Pods-Popcorn-PopcornUITests-frameworks.sh\"\n";
			showEnvVarsInLog = 0;
		};
		42D2BB1BCE328D7332E4C41B /* [CP] Check Pods Manifest.lock */ = {
			isa = PBXShellScriptBuildPhase;
			buildActionMask = 2147483647;
			files = (
			);
			inputFileListPaths = (
			);
			inputPaths = (
				"${PODS_PODFILE_DIR_PATH}/Podfile.lock",
				"${PODS_ROOT}/Manifest.lock",
			);
			name = "[CP] Check Pods Manifest.lock";
			outputFileListPaths = (
			);
			outputPaths = (
				"$(DERIVED_FILE_DIR)/Pods-Popcorn-PopcornUITests-checkManifestLockResult.txt",
			);
			runOnlyForDeploymentPostprocessing = 0;
			shellPath = /bin/sh;
			shellScript = "diff \"${PODS_PODFILE_DIR_PATH}/Podfile.lock\" \"${PODS_ROOT}/Manifest.lock\" > /dev/null\nif [ $? != 0 ] ; then\n    # print error to STDERR\n    echo \"error: The sandbox is not in sync with the Podfile.lock. Run 'pod install' or update your CocoaPods installation.\" >&2\n    exit 1\nfi\n# This output is used by Xcode 'outputs' to avoid re-running this script phase.\necho \"SUCCESS\" > \"${SCRIPT_OUTPUT_FILE_0}\"\n";
			showEnvVarsInLog = 0;
		};
		6E7AD5B99063BCB6AB887E6D /* [CP] Check Pods Manifest.lock */ = {
			isa = PBXShellScriptBuildPhase;
			buildActionMask = 2147483647;
			files = (
			);
			inputFileListPaths = (
			);
			inputPaths = (
				"${PODS_PODFILE_DIR_PATH}/Podfile.lock",
				"${PODS_ROOT}/Manifest.lock",
			);
			name = "[CP] Check Pods Manifest.lock";
			outputFileListPaths = (
			);
			outputPaths = (
				"$(DERIVED_FILE_DIR)/Pods-PopcornTests-checkManifestLockResult.txt",
			);
			runOnlyForDeploymentPostprocessing = 0;
			shellPath = /bin/sh;
			shellScript = "diff \"${PODS_PODFILE_DIR_PATH}/Podfile.lock\" \"${PODS_ROOT}/Manifest.lock\" > /dev/null\nif [ $? != 0 ] ; then\n    # print error to STDERR\n    echo \"error: The sandbox is not in sync with the Podfile.lock. Run 'pod install' or update your CocoaPods installation.\" >&2\n    exit 1\nfi\n# This output is used by Xcode 'outputs' to avoid re-running this script phase.\necho \"SUCCESS\" > \"${SCRIPT_OUTPUT_FILE_0}\"\n";
			showEnvVarsInLog = 0;
		};
		8E818EFBCEFFE115C4A0DCB8 /* [CP] Embed Pods Frameworks */ = {
			isa = PBXShellScriptBuildPhase;
			buildActionMask = 2147483647;
			files = (
			);
			inputFileListPaths = (
				"${PODS_ROOT}/Target Support Files/Pods-Popcorn/Pods-Popcorn-frameworks-${CONFIGURATION}-input-files.xcfilelist",
			);
			name = "[CP] Embed Pods Frameworks";
			outputFileListPaths = (
				"${PODS_ROOT}/Target Support Files/Pods-Popcorn/Pods-Popcorn-frameworks-${CONFIGURATION}-output-files.xcfilelist",
			);
			runOnlyForDeploymentPostprocessing = 0;
			shellPath = /bin/sh;
			shellScript = "\"${PODS_ROOT}/Target Support Files/Pods-Popcorn/Pods-Popcorn-frameworks.sh\"\n";
			showEnvVarsInLog = 0;
		};
		BFE0398A5D55B7D8F2EC5EA4 /* [CP] Check Pods Manifest.lock */ = {
			isa = PBXShellScriptBuildPhase;
			buildActionMask = 2147483647;
			files = (
			);
			inputFileListPaths = (
			);
			inputPaths = (
				"${PODS_PODFILE_DIR_PATH}/Podfile.lock",
				"${PODS_ROOT}/Manifest.lock",
			);
			name = "[CP] Check Pods Manifest.lock";
			outputFileListPaths = (
			);
			outputPaths = (
				"$(DERIVED_FILE_DIR)/Pods-Popcorn-checkManifestLockResult.txt",
			);
			runOnlyForDeploymentPostprocessing = 0;
			shellPath = /bin/sh;
			shellScript = "diff \"${PODS_PODFILE_DIR_PATH}/Podfile.lock\" \"${PODS_ROOT}/Manifest.lock\" > /dev/null\nif [ $? != 0 ] ; then\n    # print error to STDERR\n    echo \"error: The sandbox is not in sync with the Podfile.lock. Run 'pod install' or update your CocoaPods installation.\" >&2\n    exit 1\nfi\n# This output is used by Xcode 'outputs' to avoid re-running this script phase.\necho \"SUCCESS\" > \"${SCRIPT_OUTPUT_FILE_0}\"\n";
			showEnvVarsInLog = 0;
		};
/* End PBXShellScriptBuildPhase section */

/* Begin PBXSourcesBuildPhase section */
		C8DC4F68298D6CF00085B074 /* Sources */ = {
			isa = PBXSourcesBuildPhase;
			buildActionMask = 2147483647;
			files = (
				C8DC4FAF298D70890085B074 /* MovieTableViewCell.swift in Sources */,
				C8DC4FA9298D701E0085B074 /* MovieModel.swift in Sources */,
				C8DC4FB1298D70C10085B074 /* NoMovieTableViewCell.swift in Sources */,
				C8DC4FA5298D6FD90085B074 /* Extensions.swift in Sources */,
				C8DC4F74298D6CF00085B074 /* MoviesViewController.swift in Sources */,
				C8DC4FAD298D706E0085B074 /* CircleButton.swift in Sources */,
				C8DC4F70298D6CF00085B074 /* AppDelegate.swift in Sources */,
				C8DC4FA3298D6FBD0085B074 /* API.swift in Sources */,
				C8DC4F72298D6CF00085B074 /* SceneDelegate.swift in Sources */,
				C8DC4FAB298D70370085B074 /* Movie.swift in Sources */,
				C8DC4FA7298D6FF70085B074 /* Constantes.swift in Sources */,
				C8DC4FB3298D71A70085B074 /* DetailsViewController.swift in Sources */,
			);
			runOnlyForDeploymentPostprocessing = 0;
		};
		C8DC4F7E298D6CF20085B074 /* Sources */ = {
			isa = PBXSourcesBuildPhase;
			buildActionMask = 2147483647;
			files = (
				C8DC4F87298D6CF20085B074 /* PopcornTests.swift in Sources */,
			);
			runOnlyForDeploymentPostprocessing = 0;
		};
		C8DC4F88298D6CF20085B074 /* Sources */ = {
			isa = PBXSourcesBuildPhase;
			buildActionMask = 2147483647;
			files = (
				C8DC4F93298D6CF20085B074 /* PopcornUITestsLaunchTests.swift in Sources */,
				C8DC4F91298D6CF20085B074 /* PopcornUITests.swift in Sources */,
			);
			runOnlyForDeploymentPostprocessing = 0;
		};
/* End PBXSourcesBuildPhase section */

/* Begin PBXTargetDependency section */
		C8DC4F84298D6CF20085B074 /* PBXTargetDependency */ = {
			isa = PBXTargetDependency;
			target = C8DC4F6B298D6CF00085B074 /* Popcorn */;
			targetProxy = C8DC4F83298D6CF20085B074 /* PBXContainerItemProxy */;
		};
		C8DC4F8E298D6CF20085B074 /* PBXTargetDependency */ = {
			isa = PBXTargetDependency;
			target = C8DC4F6B298D6CF00085B074 /* Popcorn */;
			targetProxy = C8DC4F8D298D6CF20085B074 /* PBXContainerItemProxy */;
		};
/* End PBXTargetDependency section */

/* Begin PBXVariantGroup section */
		C8DC4F75298D6CF00085B074 /* Main.storyboard */ = {
			isa = PBXVariantGroup;
			children = (
				C8DC4F76298D6CF00085B074 /* Base */,
			);
			name = Main.storyboard;
			sourceTree = "<group>";
		};
		C8DC4F7A298D6CF20085B074 /* LaunchScreen.storyboard */ = {
			isa = PBXVariantGroup;
			children = (
				C8DC4F7B298D6CF20085B074 /* Base */,
			);
			name = LaunchScreen.storyboard;
			sourceTree = "<group>";
		};
/* End PBXVariantGroup section */

/* Begin XCBuildConfiguration section */
		C8DC4F94298D6CF20085B074 /* Debug */ = {
			isa = XCBuildConfiguration;
			buildSettings = {
				ALWAYS_SEARCH_USER_PATHS = NO;
				CLANG_ANALYZER_NONNULL = YES;
				CLANG_ANALYZER_NUMBER_OBJECT_CONVERSION = YES_AGGRESSIVE;
				CLANG_CXX_LANGUAGE_STANDARD = "gnu++20";
				CLANG_ENABLE_MODULES = YES;
				CLANG_ENABLE_OBJC_ARC = YES;
				CLANG_ENABLE_OBJC_WEAK = YES;
				CLANG_WARN_BLOCK_CAPTURE_AUTORELEASING = YES;
				CLANG_WARN_BOOL_CONVERSION = YES;
				CLANG_WARN_COMMA = YES;
				CLANG_WARN_CONSTANT_CONVERSION = YES;
				CLANG_WARN_DEPRECATED_OBJC_IMPLEMENTATIONS = YES;
				CLANG_WARN_DIRECT_OBJC_ISA_USAGE = YES_ERROR;
				CLANG_WARN_DOCUMENTATION_COMMENTS = YES;
				CLANG_WARN_EMPTY_BODY = YES;
				CLANG_WARN_ENUM_CONVERSION = YES;
				CLANG_WARN_INFINITE_RECURSION = YES;
				CLANG_WARN_INT_CONVERSION = YES;
				CLANG_WARN_NON_LITERAL_NULL_CONVERSION = YES;
				CLANG_WARN_OBJC_IMPLICIT_RETAIN_SELF = YES;
				CLANG_WARN_OBJC_LITERAL_CONVERSION = YES;
				CLANG_WARN_OBJC_ROOT_CLASS = YES_ERROR;
				CLANG_WARN_QUOTED_INCLUDE_IN_FRAMEWORK_HEADER = YES;
				CLANG_WARN_RANGE_LOOP_ANALYSIS = YES;
				CLANG_WARN_STRICT_PROTOTYPES = YES;
				CLANG_WARN_SUSPICIOUS_MOVE = YES;
				CLANG_WARN_UNGUARDED_AVAILABILITY = YES_AGGRESSIVE;
				CLANG_WARN_UNREACHABLE_CODE = YES;
				CLANG_WARN__DUPLICATE_METHOD_MATCH = YES;
				COPY_PHASE_STRIP = NO;
				DEBUG_INFORMATION_FORMAT = dwarf;
				ENABLE_STRICT_OBJC_MSGSEND = YES;
				ENABLE_TESTABILITY = YES;
				GCC_C_LANGUAGE_STANDARD = gnu11;
				GCC_DYNAMIC_NO_PIC = NO;
				GCC_NO_COMMON_BLOCKS = YES;
				GCC_OPTIMIZATION_LEVEL = 0;
				GCC_PREPROCESSOR_DEFINITIONS = (
					"DEBUG=1",
					"$(inherited)",
				);
				GCC_WARN_64_TO_32_BIT_CONVERSION = YES;
				GCC_WARN_ABOUT_RETURN_TYPE = YES_ERROR;
				GCC_WARN_UNDECLARED_SELECTOR = YES;
				GCC_WARN_UNINITIALIZED_AUTOS = YES_AGGRESSIVE;
				GCC_WARN_UNUSED_FUNCTION = YES;
				GCC_WARN_UNUSED_VARIABLE = YES;
				IPHONEOS_DEPLOYMENT_TARGET = 16.2;
				MTL_ENABLE_DEBUG_INFO = INCLUDE_SOURCE;
				MTL_FAST_MATH = YES;
				ONLY_ACTIVE_ARCH = YES;
				SDKROOT = iphoneos;
				SWIFT_ACTIVE_COMPILATION_CONDITIONS = DEBUG;
				SWIFT_OPTIMIZATION_LEVEL = "-Onone";
			};
			name = Debug;
		};
		C8DC4F95298D6CF20085B074 /* Release */ = {
			isa = XCBuildConfiguration;
			buildSettings = {
				ALWAYS_SEARCH_USER_PATHS = NO;
				CLANG_ANALYZER_NONNULL = YES;
				CLANG_ANALYZER_NUMBER_OBJECT_CONVERSION = YES_AGGRESSIVE;
				CLANG_CXX_LANGUAGE_STANDARD = "gnu++20";
				CLANG_ENABLE_MODULES = YES;
				CLANG_ENABLE_OBJC_ARC = YES;
				CLANG_ENABLE_OBJC_WEAK = YES;
				CLANG_WARN_BLOCK_CAPTURE_AUTORELEASING = YES;
				CLANG_WARN_BOOL_CONVERSION = YES;
				CLANG_WARN_COMMA = YES;
				CLANG_WARN_CONSTANT_CONVERSION = YES;
				CLANG_WARN_DEPRECATED_OBJC_IMPLEMENTATIONS = YES;
				CLANG_WARN_DIRECT_OBJC_ISA_USAGE = YES_ERROR;
				CLANG_WARN_DOCUMENTATION_COMMENTS = YES;
				CLANG_WARN_EMPTY_BODY = YES;
				CLANG_WARN_ENUM_CONVERSION = YES;
				CLANG_WARN_INFINITE_RECURSION = YES;
				CLANG_WARN_INT_CONVERSION = YES;
				CLANG_WARN_NON_LITERAL_NULL_CONVERSION = YES;
				CLANG_WARN_OBJC_IMPLICIT_RETAIN_SELF = YES;
				CLANG_WARN_OBJC_LITERAL_CONVERSION = YES;
				CLANG_WARN_OBJC_ROOT_CLASS = YES_ERROR;
				CLANG_WARN_QUOTED_INCLUDE_IN_FRAMEWORK_HEADER = YES;
				CLANG_WARN_RANGE_LOOP_ANALYSIS = YES;
				CLANG_WARN_STRICT_PROTOTYPES = YES;
				CLANG_WARN_SUSPICIOUS_MOVE = YES;
				CLANG_WARN_UNGUARDED_AVAILABILITY = YES_AGGRESSIVE;
				CLANG_WARN_UNREACHABLE_CODE = YES;
				CLANG_WARN__DUPLICATE_METHOD_MATCH = YES;
				COPY_PHASE_STRIP = NO;
				DEBUG_INFORMATION_FORMAT = "dwarf-with-dsym";
				ENABLE_NS_ASSERTIONS = NO;
				ENABLE_STRICT_OBJC_MSGSEND = YES;
				GCC_C_LANGUAGE_STANDARD = gnu11;
				GCC_NO_COMMON_BLOCKS = YES;
				GCC_WARN_64_TO_32_BIT_CONVERSION = YES;
				GCC_WARN_ABOUT_RETURN_TYPE = YES_ERROR;
				GCC_WARN_UNDECLARED_SELECTOR = YES;
				GCC_WARN_UNINITIALIZED_AUTOS = YES_AGGRESSIVE;
				GCC_WARN_UNUSED_FUNCTION = YES;
				GCC_WARN_UNUSED_VARIABLE = YES;
				IPHONEOS_DEPLOYMENT_TARGET = 16.2;
				MTL_ENABLE_DEBUG_INFO = NO;
				MTL_FAST_MATH = YES;
				SDKROOT = iphoneos;
				SWIFT_COMPILATION_MODE = wholemodule;
				SWIFT_OPTIMIZATION_LEVEL = "-O";
				VALIDATE_PRODUCT = YES;
			};
			name = Release;
		};
		C8DC4F97298D6CF20085B074 /* Debug */ = {
			isa = XCBuildConfiguration;
			baseConfigurationReference = AA6493C3F6AFFC2032C2D213 /* Pods-Popcorn.debug.xcconfig */;
			buildSettings = {
				ASSETCATALOG_COMPILER_APPICON_NAME = AppIcon;
				ASSETCATALOG_COMPILER_GLOBAL_ACCENT_COLOR_NAME = AccentColor;
				CODE_SIGN_STYLE = Automatic;
				CURRENT_PROJECT_VERSION = 1;
				DEVELOPMENT_TEAM = 7U243K6SP3;
				GENERATE_INFOPLIST_FILE = YES;
				INFOPLIST_FILE = Popcorn/Info.plist;
				INFOPLIST_KEY_UIApplicationSupportsIndirectInputEvents = YES;
				INFOPLIST_KEY_UILaunchStoryboardName = LaunchScreen;
				INFOPLIST_KEY_UIMainStoryboardFile = Main;
				INFOPLIST_KEY_UISupportedInterfaceOrientations_iPad = "UIInterfaceOrientationPortrait UIInterfaceOrientationPortraitUpsideDown UIInterfaceOrientationLandscapeLeft UIInterfaceOrientationLandscapeRight";
				INFOPLIST_KEY_UISupportedInterfaceOrientations_iPhone = "UIInterfaceOrientationPortrait UIInterfaceOrientationLandscapeLeft UIInterfaceOrientationLandscapeRight";
				LD_RUNPATH_SEARCH_PATHS = (
					"$(inherited)",
					"@executable_path/Frameworks",
				);
				MARKETING_VERSION = 1.0;
				PRODUCT_BUNDLE_IDENTIFIER = com.thalita.Popcorn;
				PRODUCT_NAME = "$(TARGET_NAME)";
				SWIFT_EMIT_LOC_STRINGS = YES;
				SWIFT_VERSION = 5.0;
				TARGETED_DEVICE_FAMILY = "1,2";
			};
			name = Debug;
		};
		C8DC4F98298D6CF20085B074 /* Release */ = {
			isa = XCBuildConfiguration;
			baseConfigurationReference = 3F7BF4B15650883ADE02F5CF /* Pods-Popcorn.release.xcconfig */;
			buildSettings = {
				ASSETCATALOG_COMPILER_APPICON_NAME = AppIcon;
				ASSETCATALOG_COMPILER_GLOBAL_ACCENT_COLOR_NAME = AccentColor;
				CODE_SIGN_STYLE = Automatic;
				CURRENT_PROJECT_VERSION = 1;
				DEVELOPMENT_TEAM = 7U243K6SP3;
				GENERATE_INFOPLIST_FILE = YES;
				INFOPLIST_FILE = Popcorn/Info.plist;
				INFOPLIST_KEY_UIApplicationSupportsIndirectInputEvents = YES;
				INFOPLIST_KEY_UILaunchStoryboardName = LaunchScreen;
				INFOPLIST_KEY_UIMainStoryboardFile = Main;
				INFOPLIST_KEY_UISupportedInterfaceOrientations_iPad = "UIInterfaceOrientationPortrait UIInterfaceOrientationPortraitUpsideDown UIInterfaceOrientationLandscapeLeft UIInterfaceOrientationLandscapeRight";
				INFOPLIST_KEY_UISupportedInterfaceOrientations_iPhone = "UIInterfaceOrientationPortrait UIInterfaceOrientationLandscapeLeft UIInterfaceOrientationLandscapeRight";
				LD_RUNPATH_SEARCH_PATHS = (
					"$(inherited)",
					"@executable_path/Frameworks",
				);
				MARKETING_VERSION = 1.0;
				PRODUCT_BUNDLE_IDENTIFIER = com.thalita.Popcorn;
				PRODUCT_NAME = "$(TARGET_NAME)";
				SWIFT_EMIT_LOC_STRINGS = YES;
				SWIFT_VERSION = 5.0;
				TARGETED_DEVICE_FAMILY = "1,2";
			};
			name = Release;
		};
		C8DC4F9A298D6CF20085B074 /* Debug */ = {
			isa = XCBuildConfiguration;
			baseConfigurationReference = A9D4AA97F9DE5E89F6CA3C84 /* Pods-PopcornTests.debug.xcconfig */;
			buildSettings = {
				ALWAYS_EMBED_SWIFT_STANDARD_LIBRARIES = YES;
				BUNDLE_LOADER = "$(TEST_HOST)";
				CODE_SIGN_STYLE = Automatic;
				CURRENT_PROJECT_VERSION = 1;
				DEVELOPMENT_TEAM = 7U243K6SP3;
				GENERATE_INFOPLIST_FILE = YES;
				IPHONEOS_DEPLOYMENT_TARGET = 16.2;
				MARKETING_VERSION = 1.0;
				PRODUCT_BUNDLE_IDENTIFIER = com.thalita.PopcornTests;
				PRODUCT_NAME = "$(TARGET_NAME)";
				SWIFT_EMIT_LOC_STRINGS = NO;
				SWIFT_VERSION = 5.0;
				TARGETED_DEVICE_FAMILY = "1,2";
				TEST_HOST = "$(BUILT_PRODUCTS_DIR)/Popcorn.app/$(BUNDLE_EXECUTABLE_FOLDER_PATH)/Popcorn";
			};
			name = Debug;
		};
		C8DC4F9B298D6CF20085B074 /* Release */ = {
			isa = XCBuildConfiguration;
			baseConfigurationReference = F5BAF47BB8E716AD83B6FF5D /* Pods-PopcornTests.release.xcconfig */;
			buildSettings = {
				ALWAYS_EMBED_SWIFT_STANDARD_LIBRARIES = YES;
				BUNDLE_LOADER = "$(TEST_HOST)";
				CODE_SIGN_STYLE = Automatic;
				CURRENT_PROJECT_VERSION = 1;
				DEVELOPMENT_TEAM = 7U243K6SP3;
				GENERATE_INFOPLIST_FILE = YES;
				IPHONEOS_DEPLOYMENT_TARGET = 16.2;
				MARKETING_VERSION = 1.0;
				PRODUCT_BUNDLE_IDENTIFIER = com.thalita.PopcornTests;
				PRODUCT_NAME = "$(TARGET_NAME)";
				SWIFT_EMIT_LOC_STRINGS = NO;
				SWIFT_VERSION = 5.0;
				TARGETED_DEVICE_FAMILY = "1,2";
				TEST_HOST = "$(BUILT_PRODUCTS_DIR)/Popcorn.app/$(BUNDLE_EXECUTABLE_FOLDER_PATH)/Popcorn";
			};
			name = Release;
		};
		C8DC4F9D298D6CF20085B074 /* Debug */ = {
			isa = XCBuildConfiguration;
			baseConfigurationReference = 3236DE76A235E9688AAD1AA2 /* Pods-Popcorn-PopcornUITests.debug.xcconfig */;
			buildSettings = {
				ALWAYS_EMBED_SWIFT_STANDARD_LIBRARIES = YES;
				CODE_SIGN_STYLE = Automatic;
				CURRENT_PROJECT_VERSION = 1;
				DEVELOPMENT_TEAM = 7U243K6SP3;
				GENERATE_INFOPLIST_FILE = YES;
				MARKETING_VERSION = 1.0;
				PRODUCT_BUNDLE_IDENTIFIER = com.thalita.PopcornUITests;
				PRODUCT_NAME = "$(TARGET_NAME)";
				SWIFT_EMIT_LOC_STRINGS = NO;
				SWIFT_VERSION = 5.0;
				TARGETED_DEVICE_FAMILY = "1,2";
				TEST_TARGET_NAME = Popcorn;
			};
			name = Debug;
		};
		C8DC4F9E298D6CF20085B074 /* Release */ = {
			isa = XCBuildConfiguration;
			baseConfigurationReference = 740A28B6A322C127EF08F73F /* Pods-Popcorn-PopcornUITests.release.xcconfig */;
			buildSettings = {
				ALWAYS_EMBED_SWIFT_STANDARD_LIBRARIES = YES;
				CODE_SIGN_STYLE = Automatic;
				CURRENT_PROJECT_VERSION = 1;
				DEVELOPMENT_TEAM = 7U243K6SP3;
				GENERATE_INFOPLIST_FILE = YES;
				MARKETING_VERSION = 1.0;
				PRODUCT_BUNDLE_IDENTIFIER = com.thalita.PopcornUITests;
				PRODUCT_NAME = "$(TARGET_NAME)";
				SWIFT_EMIT_LOC_STRINGS = NO;
				SWIFT_VERSION = 5.0;
				TARGETED_DEVICE_FAMILY = "1,2";
				TEST_TARGET_NAME = Popcorn;
			};
			name = Release;
		};
/* End XCBuildConfiguration section */

/* Begin XCConfigurationList section */
		C8DC4F67298D6CF00085B074 /* Build configuration list for PBXProject "Popcorn" */ = {
			isa = XCConfigurationList;
			buildConfigurations = (
				C8DC4F94298D6CF20085B074 /* Debug */,
				C8DC4F95298D6CF20085B074 /* Release */,
			);
			defaultConfigurationIsVisible = 0;
			defaultConfigurationName = Release;
		};
		C8DC4F96298D6CF20085B074 /* Build configuration list for PBXNativeTarget "Popcorn" */ = {
			isa = XCConfigurationList;
			buildConfigurations = (
				C8DC4F97298D6CF20085B074 /* Debug */,
				C8DC4F98298D6CF20085B074 /* Release */,
			);
			defaultConfigurationIsVisible = 0;
			defaultConfigurationName = Release;
		};
		C8DC4F99298D6CF20085B074 /* Build configuration list for PBXNativeTarget "PopcornTests" */ = {
			isa = XCConfigurationList;
			buildConfigurations = (
				C8DC4F9A298D6CF20085B074 /* Debug */,
				C8DC4F9B298D6CF20085B074 /* Release */,
			);
			defaultConfigurationIsVisible = 0;
			defaultConfigurationName = Release;
		};
		C8DC4F9C298D6CF20085B074 /* Build configuration list for PBXNativeTarget "PopcornUITests" */ = {
			isa = XCConfigurationList;
			buildConfigurations = (
				C8DC4F9D298D6CF20085B074 /* Debug */,
				C8DC4F9E298D6CF20085B074 /* Release */,
			);
			defaultConfigurationIsVisible = 0;
			defaultConfigurationName = Release;
		};
/* End XCConfigurationList section */
	};
	rootObject = C8DC4F64298D6CF00085B074 /* Project object */;
}
